
Microsoft Visual Studio Solution File, Format Version 12.00
# Visual Studio Version 17
VisualStudioVersion = 17.13.35825.156 d17.13
MinimumVisualStudioVersion = 10.0.40219.1
Project("{FAE04EC0-301F-11D3-BF4B-00C04F79EFBC}") = "cobra", "cobra.csproj", "{FF246D8C-B68D-4F5B-B92D-75029E192E0A}"
EndProject
Global
	GlobalSection(SolutionConfigurationPlatforms) = preSolution
		Debug|Any CPU = Debug|Any CPU
		Release|Any CPU = Release|Any CPU
	EndGlobalSection
	GlobalSection(ProjectConfigurationPlatforms) = postSolution
		{FF246D8C-B68D-4F5B-B92D-75029E192E0A}.Debug|Any CPU.ActiveCfg = Debug|Any CPU
		{FF246D8C-B68D-4F5B-B92D-75029E192E0A}.Debug|Any CPU.Build.0 = Debug|Any CPU
		{FF246D8C-B68D-4F5B-B92D-75029E192E0A}.Release|Any CPU.ActiveCfg = Release|Any CPU
		{FF246D8C-B68D-4F5B-B92D-75029E192E0A}.Release|Any CPU.Build.0 = Release|Any CPU
	EndGlobalSection
	GlobalSection(SolutionProperties) = preSolution
		HideSolutionNode = FALSE
	EndGlobalSection
	GlobalSection(ExtensibilityGlobals) = postSolution
		SolutionGuid = {DF4CE0AB-1EE4-4D3A-B49B-AE378FA2639D}
	EndGlobalSection
EndGlobal
